
Microsoft Visual Studio Solution File, Format Version 12.00
# Visual Studio Version 16
VisualStudioVersion = 16.0.30621.155
MinimumVisualStudioVersion = 10.0.40219.1
Project("{FAE04EC0-301F-11D3-BF4B-00C04F79EFBC}") = "Day2Assignment", "Day2Assignment\Day2Assignment.csproj", "{D018B871-56B5-404B-8437-B02D6974ADDB}"
EndProject
Global
	GlobalSection(SolutionConfigurationPlatforms) = preSolution
		Debug|Any CPU = Debug|Any CPU
		Release|Any CPU = Release|Any CPU
	EndGlobalSection
	GlobalSection(ProjectConfigurationPlatforms) = postSolution
		{D018B871-56B5-404B-8437-B02D6974ADDB}.Debug|Any CPU.ActiveCfg = Debug|Any CPU
		{D018B871-56B5-404B-8437-B02D6974ADDB}.Debug|Any CPU.Build.0 = Debug|Any CPU
		{D018B871-56B5-404B-8437-B02D6974ADDB}.Release|Any CPU.ActiveCfg = Release|Any CPU
		{D018B871-56B5-404B-8437-B02D6974ADDB}.Release|Any CPU.Build.0 = Release|Any CPU
	EndGlobalSection
	GlobalSection(SolutionProperties) = preSolution
		HideSolutionNode = FALSE
	EndGlobalSection
	GlobalSection(ExtensibilityGlobals) = postSolution
		SolutionGuid = {BF6075D5-C7DC-4EC7-8797-37A9BD5981B0}
	EndGlobalSection
EndGlobal
